// !$*UTF8*$!
{
	archiveVersion = 1;
	classes = {
	};
	objectVersion = 56;
	objects = {

/* Begin PBXBuildFile section */
		D91BF5C82976C29900FC9BE8 /* PlacaFipeApp.swift in Sources */ = {isa = PBXBuildFile; fileRef = D91BF5C72976C29900FC9BE8 /* PlacaFipeApp.swift */; };
		D91BF5CA2976C29900FC9BE8 /* ContentView.swift in Sources */ = {isa = PBXBuildFile; fileRef = D91BF5C92976C29900FC9BE8 /* ContentView.swift */; };
		D91BF5CC2976C29A00FC9BE8 /* Assets.xcassets in Resources */ = {isa = PBXBuildFile; fileRef = D91BF5CB2976C29A00FC9BE8 /* Assets.xcassets */; };
		D91BF5CF2976C29A00FC9BE8 /* Preview Assets.xcassets in Resources */ = {isa = PBXBuildFile; fileRef = D91BF5CE2976C29A00FC9BE8 /* Preview Assets.xcassets */; };
		D91BF5D82976D66300FC9BE8 /* Resultado.swift in Sources */ = {isa = PBXBuildFile; fileRef = D91BF5D72976D66300FC9BE8 /* Resultado.swift */; };
		D91BF5DA2976D7C100FC9BE8 /* ResultadoData.swift in Sources */ = {isa = PBXBuildFile; fileRef = D91BF5D92976D7C100FC9BE8 /* ResultadoData.swift */; };
/* End PBXBuildFile section */

/* Begin PBXFileReference section */
		D91BF5C42976C29900FC9BE8 /* PlacaFipe.app */ = {isa = PBXFileReference; explicitFileType = wrapper.application; includeInIndex = 0; path = PlacaFipe.app; sourceTree = BUILT_PRODUCTS_DIR; };
		D91BF5C72976C29900FC9BE8 /* PlacaFipeApp.swift */ = {isa = PBXFileReference; lastKnownFileType = sourcecode.swift; path = PlacaFipeApp.swift; sourceTree = "<group>"; };
		D91BF5C92976C29900FC9BE8 /* ContentView.swift */ = {isa = PBXFileReference; lastKnownFileType = sourcecode.swift; path = ContentView.swift; sourceTree = "<group>"; };
		D91BF5CB2976C29A00FC9BE8 /* Assets.xcassets */ = {isa = PBXFileReference; lastKnownFileType = folder.assetcatalog; path = Assets.xcassets; sourceTree = "<group>"; };
		D91BF5CE2976C29A00FC9BE8 /* Preview Assets.xcassets */ = {isa = PBXFileReference; lastKnownFileType = folder.assetcatalog; path = "Preview Assets.xcassets"; sourceTree = "<group>"; };
		D91BF5D72976D66300FC9BE8 /* Resultado.swift */ = {isa = PBXFileReference; lastKnownFileType = sourcecode.swift; path = Resultado.swift; sourceTree = "<group>"; };
		D91BF5D92976D7C100FC9BE8 /* ResultadoData.swift */ = {isa = PBXFileReference; lastKnownFileType = sourcecode.swift; path = ResultadoData.swift; sourceTree = "<group>"; };
/* End PBXFileReference section */

/* Begin PBXFrameworksBuildPhase section */
		D91BF5C12976C29900FC9BE8 /* Frameworks */ = {
			isa = PBXFrameworksBuildPhase;
			buildActionMask = 2147483647;
			files = (
			);
			runOnlyForDeploymentPostprocessing = 0;
		};
/* End PBXFrameworksBuildPhase section */

/* Begin PBXGroup section */
		D91BF5BB2976C29900FC9BE8 = {
			isa = PBXGroup;
			children = (
				D91BF5C62976C29900FC9BE8 /* PlacaFipe */,
				D91BF5C52976C29900FC9BE8 /* Products */,
			);
			sourceTree = "<group>";
		};
		D91BF5C52976C29900FC9BE8 /* Products */ = {
			isa = PBXGroup;
			children = (
				D91BF5C42976C29900FC9BE8 /* PlacaFipe.app */,
			);
			name = Products;
			sourceTree = "<group>";
		};
		D91BF5C62976C29900FC9BE8 /* PlacaFipe */ = {
			isa = PBXGroup;
			children = (
				D91BF5C72976C29900FC9BE8 /* PlacaFipeApp.swift */,
				D91BF5C92976C29900FC9BE8 /* ContentView.swift */,
				D91BF5D72976D66300FC9BE8 /* Resultado.swift */,
				D91BF5D92976D7C100FC9BE8 /* ResultadoData.swift */,
				D91BF5CB2976C29A00FC9BE8 /* Assets.xcassets */,
				D91BF5CD2976C29A00FC9BE8 /* Preview Content */,
			);
			path = PlacaFipe;
			sourceTree = "<group>";
		};
		D91BF5CD2976C29A00FC9BE8 /* Preview Content */ = {
			isa = PBXGroup;
			children = (
				D91BF5CE2976C29A00FC9BE8 /* Preview Assets.xcassets */,
			);
			path = "Preview Content";
			sourceTree = "<group>";
		};
/* End PBXGroup section */

/* Begin PBXNativeTarget section */
		D91BF5C32976C29900FC9BE8 /* PlacaFipe */ = {
			isa = PBXNativeTarget;
			buildConfigurationList = D91BF5D22976C29A00FC9BE8 /* Build configuration list for PBXNativeTarget "PlacaFipe" */;
			buildPhases = (
				D91BF5C02976C29900FC9BE8 /* Sources */,
				D91BF5C12976C29900FC9BE8 /* Frameworks */,
				D91BF5C22976C29900FC9BE8 /* Resources */,
			);
			buildRules = (
			);
			dependencies = (
			);
			name = PlacaFipe;
			productName = PlacaFipe;
			productReference = D91BF5C42976C29900FC9BE8 /* PlacaFipe.app */;
			productType = "com.apple.product-type.application";
		};
/* End PBXNativeTarget section */

/* Begin PBXProject section */
		D91BF5BC2976C29900FC9BE8 /* Project object */ = {
			isa = PBXProject;
			attributes = {
				BuildIndependentTargetsInParallel = 1;
				LastSwiftUpdateCheck = 1420;
				LastUpgradeCheck = 1420;
				TargetAttributes = {
					D91BF5C32976C29900FC9BE8 = {
						CreatedOnToolsVersion = 14.2;
					};
				};
			};
			buildConfigurationList = D91BF5BF2976C29900FC9BE8 /* Build configuration list for PBXProject "PlacaFipe" */;
			compatibilityVersion = "Xcode 14.0";
			developmentRegion = en;
			hasScannedForEncodings = 0;
			knownRegions = (
				en,
				Base,
			);
			mainGroup = D91BF5BB2976C29900FC9BE8;
			productRefGroup = D91BF5C52976C29900FC9BE8 /* Products */;
			projectDirPath = "";
			projectRoot = "";
			targets = (
				D91BF5C32976C29900FC9BE8 /* PlacaFipe */,
			);
		};
/* End PBXProject section */

/* Begin PBXResourcesBuildPhase section */
		D91BF5C22976C29900FC9BE8 /* Resources */ = {
			isa = PBXResourcesBuildPhase;
			buildActionMask = 2147483647;
			files = (
				D91BF5CF2976C29A00FC9BE8 /* Preview Assets.xcassets in Resources */,
				D91BF5CC2976C29A00FC9BE8 /* Assets.xcassets in Resources */,
			);
			runOnlyForDeploymentPostprocessing = 0;
		};
/* End PBXResourcesBuildPhase section */

/* Begin PBXSourcesBuildPhase section */
		D91BF5C02976C29900FC9BE8 /* Sources */ = {
			isa = PBXSourcesBuildPhase;
			buildActionMask = 2147483647;
			files = (
				D91BF5DA2976D7C100FC9BE8 /* ResultadoData.swift in Sources */,
				D91BF5CA2976C29900FC9BE8 /* ContentView.swift in Sources */,
				D91BF5D82976D66300FC9BE8 /* Resultado.swift in Sources */,
				D91BF5C82976C29900FC9BE8 /* PlacaFipeApp.swift in Sources */,
			);
			runOnlyForDeploymentPostprocessing = 0;
		};
/* End PBXSourcesBuildPhase section */

/* Begin XCBuildConfiguration section */
		D91BF5D02976C29A00FC9BE8 /* Debug */ = {
			isa = XCBuildConfiguration;
			buildSettings = {
				ALWAYS_SEARCH_USER_PATHS = NO;
				CLANG_ANALYZER_NONNULL = YES;
				CLANG_ANALYZER_NUMBER_OBJECT_CONVERSION = YES_AGGRESSIVE;
				CLANG_CXX_LANGUAGE_STANDARD = "gnu++20";
				CLANG_ENABLE_MODULES = YES;
				CLANG_ENABLE_OBJC_ARC = YES;
				CLANG_ENABLE_OBJC_WEAK = YES;
				CLANG_WARN_BLOCK_CAPTURE_AUTORELEASING = YES;
				CLANG_WARN_BOOL_CONVERSION = YES;
				CLANG_WARN_COMMA = YES;
				CLANG_WARN_CONSTANT_CONVERSION = YES;
				CLANG_WARN_DEPRECATED_OBJC_IMPLEMENTATIONS = YES;
				CLANG_WARN_DIRECT_OBJC_ISA_USAGE = YES_ERROR;
				CLANG_WARN_DOCUMENTATION_COMMENTS = YES;
				CLANG_WARN_EMPTY_BODY = YES;
				CLANG_WARN_ENUM_CONVERSION = YES;
				CLANG_WARN_INFINITE_RECURSION = YES;
				CLANG_WARN_INT_CONVERSION = YES;
				CLANG_WARN_NON_LITERAL_NULL_CONVERSION = YES;
				CLANG_WARN_OBJC_IMPLICIT_RETAIN_SELF = YES;
				CLANG_WARN_OBJC_LITERAL_CONVERSION = YES;
				CLANG_WARN_OBJC_ROOT_CLASS = YES_ERROR;
				CLANG_WARN_QUOTED_INCLUDE_IN_FRAMEWORK_HEADER = YES;
				CLANG_WARN_RANGE_LOOP_ANALYSIS = YES;
				CLANG_WARN_STRICT_PROTOTYPES = YES;
				CLANG_WARN_SUSPICIOUS_MOVE = YES;
				CLANG_WARN_UNGUARDED_AVAILABILITY = YES_AGGRESSIVE;
				CLANG_WARN_UNREACHABLE_CODE = YES;
				CLANG_WARN__DUPLICATE_METHOD_MATCH = YES;
				COPY_PHASE_STRIP = NO;
				DEBUG_INFORMATION_FORMAT = dwarf;
				ENABLE_STRICT_OBJC_MSGSEND = YES;
				ENABLE_TESTABILITY = YES;
				GCC_C_LANGUAGE_STANDARD = gnu11;
				GCC_DYNAMIC_NO_PIC = NO;
				GCC_NO_COMMON_BLOCKS = YES;
				GCC_OPTIMIZATION_LEVEL = 0;
				GCC_PREPROCESSOR_DEFINITIONS = (
					"DEBUG=1",
					"$(inherited)",
				);
				GCC_WARN_64_TO_32_BIT_CONVERSION = YES;
				GCC_WARN_ABOUT_RETURN_TYPE = YES_ERROR;
				GCC_WARN_UNDECLARED_SELECTOR = YES;
				GCC_WARN_UNINITIALIZED_AUTOS = YES_AGGRESSIVE;
				GCC_WARN_UNUSED_FUNCTION = YES;
				GCC_WARN_UNUSED_VARIABLE = YES;
				IPHONEOS_DEPLOYMENT_TARGET = 16.2;
				MTL_ENABLE_DEBUG_INFO = INCLUDE_SOURCE;
				MTL_FAST_MATH = YES;
				ONLY_ACTIVE_ARCH = YES;
				SDKROOT = iphoneos;
				SWIFT_ACTIVE_COMPILATION_CONDITIONS = DEBUG;
				SWIFT_OPTIMIZATION_LEVEL = "-Onone";
			};
			name = Debug;
		};
		D91BF5D12976C29A00FC9BE8 /* Release */ = {
			isa = XCBuildConfiguration;
			buildSettings = {
				ALWAYS_SEARCH_USER_PATHS = NO;
				CLANG_ANALYZER_NONNULL = YES;
				CLANG_ANALYZER_NUMBER_OBJECT_CONVERSION = YES_AGGRESSIVE;
				CLANG_CXX_LANGUAGE_STANDARD = "gnu++20";
				CLANG_ENABLE_MODULES = YES;
				CLANG_ENABLE_OBJC_ARC = YES;
				CLANG_ENABLE_OBJC_WEAK = YES;
				CLANG_WARN_BLOCK_CAPTURE_AUTORELEASING = YES;
				CLANG_WARN_BOOL_CONVERSION = YES;
				CLANG_WARN_COMMA = YES;
				CLANG_WARN_CONSTANT_CONVERSION = YES;
				CLANG_WARN_DEPRECATED_OBJC_IMPLEMENTATIONS = YES;
				CLANG_WARN_DIRECT_OBJC_ISA_USAGE = YES_ERROR;
				CLANG_WARN_DOCUMENTATION_COMMENTS = YES;
				CLANG_WARN_EMPTY_BODY = YES;
				CLANG_WARN_ENUM_CONVERSION = YES;
				CLANG_WARN_INFINITE_RECURSION = YES;
				CLANG_WARN_INT_CONVERSION = YES;
				CLANG_WARN_NON_LITERAL_NULL_CONVERSION = YES;
				CLANG_WARN_OBJC_IMPLICIT_RETAIN_SELF = YES;
				CLANG_WARN_OBJC_LITERAL_CONVERSION = YES;
				CLANG_WARN_OBJC_ROOT_CLASS = YES_ERROR;
				CLANG_WARN_QUOTED_INCLUDE_IN_FRAMEWORK_HEADER = YES;
				CLANG_WARN_RANGE_LOOP_ANALYSIS = YES;
				CLANG_WARN_STRICT_PROTOTYPES = YES;
				CLANG_WARN_SUSPICIOUS_MOVE = YES;
				CLANG_WARN_UNGUARDED_AVAILABILITY = YES_AGGRESSIVE;
				CLANG_WARN_UNREACHABLE_CODE = YES;
				CLANG_WARN__DUPLICATE_METHOD_MATCH = YES;
				COPY_PHASE_STRIP = NO;
				DEBUG_INFORMATION_FORMAT = "dwarf-with-dsym";
				ENABLE_NS_ASSERTIONS = NO;
				ENABLE_STRICT_OBJC_MSGSEND = YES;
				GCC_C_LANGUAGE_STANDARD = gnu11;
				GCC_NO_COMMON_BLOCKS = YES;
				GCC_WARN_64_TO_32_BIT_CONVERSION = YES;
				GCC_WARN_ABOUT_RETURN_TYPE = YES_ERROR;
				GCC_WARN_UNDECLARED_SELECTOR = YES;
				GCC_WARN_UNINITIALIZED_AUTOS = YES_AGGRESSIVE;
				GCC_WARN_UNUSED_FUNCTION = YES;
				GCC_WARN_UNUSED_VARIABLE = YES;
				IPHONEOS_DEPLOYMENT_TARGET = 16.2;
				MTL_ENABLE_DEBUG_INFO = NO;
				MTL_FAST_MATH = YES;
				SDKROOT = iphoneos;
				SWIFT_COMPILATION_MODE = wholemodule;
				SWIFT_OPTIMIZATION_LEVEL = "-O";
				VALIDATE_PRODUCT = YES;
			};
			name = Release;
		};
		D91BF5D32976C29A00FC9BE8 /* Debug */ = {
			isa = XCBuildConfiguration;
			buildSettings = {
				ASSETCATALOG_COMPILER_APPICON_NAME = AppIcon;
				ASSETCATALOG_COMPILER_GLOBAL_ACCENT_COLOR_NAME = AccentColor;
				CODE_SIGN_STYLE = Automatic;
				CURRENT_PROJECT_VERSION = 1;
				DEVELOPMENT_ASSET_PATHS = "\"PlacaFipe/Preview Content\"";
				ENABLE_PREVIEWS = YES;
				GENERATE_INFOPLIST_FILE = YES;
				INFOPLIST_KEY_UIApplicationSceneManifest_Generation = YES;
				INFOPLIST_KEY_UIApplicationSupportsIndirectInputEvents = YES;
				INFOPLIST_KEY_UILaunchScreen_Generation = YES;
				INFOPLIST_KEY_UISupportedInterfaceOrientations_iPad = "UIInterfaceOrientationPortrait UIInterfaceOrientationPortraitUpsideDown UIInterfaceOrientationLandscapeLeft UIInterfaceOrientationLandscapeRight";
				INFOPLIST_KEY_UISupportedInterfaceOrientations_iPhone = "UIInterfaceOrientationPortrait UIInterfaceOrientationLandscapeLeft UIInterfaceOrientationLandscapeRight";
				LD_RUNPATH_SEARCH_PATHS = (
					"$(inherited)",
					"@executable_path/Frameworks",
				);
				MARKETING_VERSION = 1.0;
				PRODUCT_BUNDLE_IDENTIFIER = com.placafipe.PlacaFipe;
				PRODUCT_NAME = "$(TARGET_NAME)";
				SWIFT_EMIT_LOC_STRINGS = YES;
				SWIFT_VERSION = 5.0;
				TARGETED_DEVICE_FAMILY = "1,2";
			};
			name = Debug;
		};
		D91BF5D42976C29A00FC9BE8 /* Release */ = {
			isa = XCBuildConfiguration;
			buildSettings = {
				ASSETCATALOG_COMPILER_APPICON_NAME = AppIcon;
				ASSETCATALOG_COMPILER_GLOBAL_ACCENT_COLOR_NAME = AccentColor;
				CODE_SIGN_STYLE = Automatic;
				CURRENT_PROJECT_VERSION = 1;
				DEVELOPMENT_ASSET_PATHS = "\"PlacaFipe/Preview Content\"";
				ENABLE_PREVIEWS = YES;
				GENERATE_INFOPLIST_FILE = YES;
				INFOPLIST_KEY_UIApplicationSceneManifest_Generation = YES;
				INFOPLIST_KEY_UIApplicationSupportsIndirectInputEvents = YES;
				INFOPLIST_KEY_UILaunchScreen_Generation = YES;
				INFOPLIST_KEY_UISupportedInterfaceOrientations_iPad = "UIInterfaceOrientationPortrait UIInterfaceOrientationPortraitUpsideDown UIInterfaceOrientationLandscapeLeft UIInterfaceOrientationLandscapeRight";
				INFOPLIST_KEY_UISupportedInterfaceOrientations_iPhone = "UIInterfaceOrientationPortrait UIInterfaceOrientationLandscapeLeft UIInterfaceOrientationLandscapeRight";
				LD_RUNPATH_SEARCH_PATHS = (
					"$(inherited)",
					"@executable_path/Frameworks",
				);
				MARKETING_VERSION = 1.0;
				PRODUCT_BUNDLE_IDENTIFIER = com.placafipe.PlacaFipe;
				PRODUCT_NAME = "$(TARGET_NAME)";
				SWIFT_EMIT_LOC_STRINGS = YES;
				SWIFT_VERSION = 5.0;
				TARGETED_DEVICE_FAMILY = "1,2";
			};
			name = Release;
		};
/* End XCBuildConfiguration section */

/* Begin XCConfigurationList section */
		D91BF5BF2976C29900FC9BE8 /* Build configuration list for PBXProject "PlacaFipe" */ = {
			isa = XCConfigurationList;
			buildConfigurations = (
				D91BF5D02976C29A00FC9BE8 /* Debug */,
				D91BF5D12976C29A00FC9BE8 /* Release */,
			);
			defaultConfigurationIsVisible = 0;
			defaultConfigurationName = Release;
		};
		D91BF5D22976C29A00FC9BE8 /* Build configuration list for PBXNativeTarget "PlacaFipe" */ = {
			isa = XCConfigurationList;
			buildConfigurations = (
				D91BF5D32976C29A00FC9BE8 /* Debug */,
				D91BF5D42976C29A00FC9BE8 /* Release */,
			);
			defaultConfigurationIsVisible = 0;
			defaultConfigurationName = Release;
		};
/* End XCConfigurationList section */
	};
	rootObject = D91BF5BC2976C29900FC9BE8 /* Project object */;
}
